
Microsoft Visual Studio Solution File, Format Version 12.00
# Visual Studio 15
VisualStudioVersion = 15.0.28307.1022
MinimumVisualStudioVersion = 10.0.40219.1
Project("{FAE04EC0-301F-11D3-BF4B-00C04F79EFBC}") = "ResponsiPemrograman2809", "ResponsiPemrograman2809\ResponsiPemrograman2809.csproj", "{6F7C0663-459C-40AA-BC9D-FAB69B5C55CD}"
EndProject
Global
	GlobalSection(SolutionConfigurationPlatforms) = preSolution
		Debug|Any CPU = Debug|Any CPU
		Release|Any CPU = Release|Any CPU
	EndGlobalSection
	GlobalSection(ProjectConfigurationPlatforms) = postSolution
		{6F7C0663-459C-40AA-BC9D-FAB69B5C55CD}.Debug|Any CPU.ActiveCfg = Debug|Any CPU
		{6F7C0663-459C-40AA-BC9D-FAB69B5C55CD}.Debug|Any CPU.Build.0 = Debug|Any CPU
		{6F7C0663-459C-40AA-BC9D-FAB69B5C55CD}.Release|Any CPU.ActiveCfg = Release|Any CPU
		{6F7C0663-459C-40AA-BC9D-FAB69B5C55CD}.Release|Any CPU.Build.0 = Release|Any CPU
	EndGlobalSection
	GlobalSection(SolutionProperties) = preSolution
		HideSolutionNode = FALSE
	EndGlobalSection
	GlobalSection(ExtensibilityGlobals) = postSolution
		SolutionGuid = {95CE4171-0814-41FA-AEDE-4C778D77C8A0}
	EndGlobalSection
EndGlobal
